github.com/google/uuid v1.6.0 h1:NIvaJDMOsjHA8n1jAhLSgzrAzy1Hgr+hNrb57e+94F0=
github.com/google/uuid v1.6.0/go.mod h1:TIyPZe4MgqvfeYDBFedMoGGpEw/LqOeaOT+nhxU+yHo=
github.com/tomasdemarco/iso8583 v1.7.9 h1:AUi6/PR8S8D+0vtVA556vwArQ1HHzAAFMTXJOS9a7zI=
github.com/tomasdemarco/iso8583 v1.7.9/go.mod h1:BTW1dKoTgsDiTc2EhqbRivIwYwdJKtrCdsfjg6Vc12M=
github.com/tomasdemarco/iso8583 v1.8.0/go.mod h1:BTW1dKoTgsDiTc2EhqbRivIwYwdJKtrCdsfjg6Vc12M=
github.com/tomasdemarco/iso8583 v1.8.1/go.mod h1:OsblxCFxrKYmYoZm27LUgKy/ER0yfzvOpi7TLl2kUgw=
