github.com/google/uuid v1.6.0 h1:NIvaJDMOsjHA8n1jAhLSgzrAzy1Hgr+hNrb57e+94F0=
github.com/google/uuid v1.6.0/go.mod h1:TIyPZe4MgqvfeYDBFedMoGGpEw/LqOeaOT+nhxU+yHo=
github.com/tomasdemarco/iso8583 v1.5.0 h1:2X60TigrcqaRVWTWoTA/0P6Bl+kL2d/j5ZW4+D0nA5E=
github.com/tomasdemarco/iso8583 v1.5.0/go.mod h1:BTW1dKoTgsDiTc2EhqbRivIwYwdJKtrCdsfjg6Vc12M=
