github.com/google/uuid v1.6.0 h1:NIvaJDMOsjHA8n1jAhLSgzrAzy1Hgr+hNrb57e+94F0=
github.com/google/uuid v1.6.0/go.mod h1:TIyPZe4MgqvfeYDBFedMoGGpEw/LqOeaOT+nhxU+yHo=
github.com/tomasdemarco/iso8583 v1.8.9 h1:L7FXt3ws7mD9r7Lcbkre5b7trX3vsOdOtD2mJr6mnVc=
github.com/tomasdemarco/iso8583 v1.8.9/go.mod h1:T+dy4go+jLF0JiBWbOXByaAnFzESoqijNtoxbi9FEi4=
